
Microsoft Visual Studio Solution File, Format Version 12.00
# Visual Studio Version 16
VisualStudioVersion = 16.0.29613.14
MinimumVisualStudioVersion = 10.0.40219.1
Project("{9A19103F-16F7-4668-BE54-9A1E7A4F7556}") = "PublicData.Api", "PublicData.Api\PublicData.Api.csproj", "{E4E4916D-B8A4-4169-B49C-0E88DC83A7FE}"
EndProject
Project("{9A19103F-16F7-4668-BE54-9A1E7A4F7556}") = "PublicData.Application", "PublicData.Application\PublicData.Application.csproj", "{2ACA4DB9-81D9-4354-A178-6BADFDB0A3C9}"
EndProject
Project("{9A19103F-16F7-4668-BE54-9A1E7A4F7556}") = "PublicData.Client", "PublicData.Client\PublicData.Client.csproj", "{CD7FA66E-900C-4387-B1D9-AEBB92FB8E6D}"
EndProject
Project("{9A19103F-16F7-4668-BE54-9A1E7A4F7556}") = "PublicData.Common", "PublicData.Common\PublicData.Common.csproj", "{B67EC883-0FE4-404C-B190-8151DB57A985}"
EndProject
Project("{9A19103F-16F7-4668-BE54-9A1E7A4F7556}") = "PublicData.Data", "PublicData.Data\PublicData.Data.csproj", "{7DC383D8-E2F2-4705-9919-747619BB97D3}"
EndProject
Global
	GlobalSection(SolutionConfigurationPlatforms) = preSolution
		Debug|Any CPU = Debug|Any CPU
		Release|Any CPU = Release|Any CPU
	EndGlobalSection
	GlobalSection(ProjectConfigurationPlatforms) = postSolution
		{E4E4916D-B8A4-4169-B49C-0E88DC83A7FE}.Debug|Any CPU.ActiveCfg = Debug|Any CPU
		{E4E4916D-B8A4-4169-B49C-0E88DC83A7FE}.Debug|Any CPU.Build.0 = Debug|Any CPU
		{E4E4916D-B8A4-4169-B49C-0E88DC83A7FE}.Release|Any CPU.ActiveCfg = Release|Any CPU
		{E4E4916D-B8A4-4169-B49C-0E88DC83A7FE}.Release|Any CPU.Build.0 = Release|Any CPU
		{2ACA4DB9-81D9-4354-A178-6BADFDB0A3C9}.Debug|Any CPU.ActiveCfg = Debug|Any CPU
		{2ACA4DB9-81D9-4354-A178-6BADFDB0A3C9}.Debug|Any CPU.Build.0 = Debug|Any CPU
		{2ACA4DB9-81D9-4354-A178-6BADFDB0A3C9}.Release|Any CPU.ActiveCfg = Release|Any CPU
		{2ACA4DB9-81D9-4354-A178-6BADFDB0A3C9}.Release|Any CPU.Build.0 = Release|Any CPU
		{CD7FA66E-900C-4387-B1D9-AEBB92FB8E6D}.Debug|Any CPU.ActiveCfg = Debug|Any CPU
		{CD7FA66E-900C-4387-B1D9-AEBB92FB8E6D}.Debug|Any CPU.Build.0 = Debug|Any CPU
		{CD7FA66E-900C-4387-B1D9-AEBB92FB8E6D}.Release|Any CPU.ActiveCfg = Release|Any CPU
		{CD7FA66E-900C-4387-B1D9-AEBB92FB8E6D}.Release|Any CPU.Build.0 = Release|Any CPU
		{B67EC883-0FE4-404C-B190-8151DB57A985}.Debug|Any CPU.ActiveCfg = Debug|Any CPU
		{B67EC883-0FE4-404C-B190-8151DB57A985}.Debug|Any CPU.Build.0 = Debug|Any CPU
		{B67EC883-0FE4-404C-B190-8151DB57A985}.Release|Any CPU.ActiveCfg = Release|Any CPU
		{B67EC883-0FE4-404C-B190-8151DB57A985}.Release|Any CPU.Build.0 = Release|Any CPU
		{7DC383D8-E2F2-4705-9919-747619BB97D3}.Debug|Any CPU.ActiveCfg = Debug|Any CPU
		{7DC383D8-E2F2-4705-9919-747619BB97D3}.Debug|Any CPU.Build.0 = Debug|Any CPU
		{7DC383D8-E2F2-4705-9919-747619BB97D3}.Release|Any CPU.ActiveCfg = Release|Any CPU
		{7DC383D8-E2F2-4705-9919-747619BB97D3}.Release|Any CPU.Build.0 = Release|Any CPU
	EndGlobalSection
	GlobalSection(SolutionProperties) = preSolution
		HideSolutionNode = FALSE
	EndGlobalSection
	GlobalSection(ExtensibilityGlobals) = postSolution
		SolutionGuid = {5E77DC02-4658-4B28-94A7-8819F666F911}
	EndGlobalSection
EndGlobal
